
Microsoft Visual Studio Solution File, Format Version 12.00
# Visual Studio Version 16
VisualStudioVersion = 16.0.31410.357
MinimumVisualStudioVersion = 10.0.40219.1
Project("{FAE04EC0-301F-11D3-BF4B-00C04F79EFBC}") = "TrabalhoDM106", "TrabalhoDM106\TrabalhoDM106.csproj", "{554B88EC-6FD6-44DE-A8E7-39F55DD14393}"
EndProject
Global
	GlobalSection(SolutionConfigurationPlatforms) = preSolution
		Debug|Any CPU = Debug|Any CPU
		Release|Any CPU = Release|Any CPU
	EndGlobalSection
	GlobalSection(ProjectConfigurationPlatforms) = postSolution
		{554B88EC-6FD6-44DE-A8E7-39F55DD14393}.Debug|Any CPU.ActiveCfg = Debug|Any CPU
		{554B88EC-6FD6-44DE-A8E7-39F55DD14393}.Debug|Any CPU.Build.0 = Debug|Any CPU
		{554B88EC-6FD6-44DE-A8E7-39F55DD14393}.Release|Any CPU.ActiveCfg = Debug|Any CPU
		{554B88EC-6FD6-44DE-A8E7-39F55DD14393}.Release|Any CPU.Build.0 = Debug|Any CPU
	EndGlobalSection
	GlobalSection(SolutionProperties) = preSolution
		HideSolutionNode = FALSE
	EndGlobalSection
	GlobalSection(ExtensibilityGlobals) = postSolution
		SolutionGuid = {EB394618-D6D2-4FC6-9443-F6E1746A9880}
	EndGlobalSection
EndGlobal
